
Microsoft Visual Studio Solution File, Format Version 12.00
# Visual Studio 15
VisualStudioVersion = 15.0.28307.421
MinimumVisualStudioVersion = 10.0.40219.1
Project("{8BC9CEB8-8B4A-11D0-8D11-00A0C91BC942}") = "ders3", "ders3.vcxproj", "{09261F08-5CB2-4010-8EDB-54B6012D1EDC}"
EndProject
Global
	GlobalSection(SolutionConfigurationPlatforms) = preSolution
		Debug|x64 = Debug|x64
		Debug|x86 = Debug|x86
		Release|x64 = Release|x64
		Release|x86 = Release|x86
	EndGlobalSection
	GlobalSection(ProjectConfigurationPlatforms) = postSolution
		{09261F08-5CB2-4010-8EDB-54B6012D1EDC}.Debug|x64.ActiveCfg = Debug|x64
		{09261F08-5CB2-4010-8EDB-54B6012D1EDC}.Debug|x64.Build.0 = Debug|x64
		{09261F08-5CB2-4010-8EDB-54B6012D1EDC}.Debug|x86.ActiveCfg = Debug|Win32
		{09261F08-5CB2-4010-8EDB-54B6012D1EDC}.Debug|x86.Build.0 = Debug|Win32
		{09261F08-5CB2-4010-8EDB-54B6012D1EDC}.Release|x64.ActiveCfg = Release|x64
		{09261F08-5CB2-4010-8EDB-54B6012D1EDC}.Release|x64.Build.0 = Release|x64
		{09261F08-5CB2-4010-8EDB-54B6012D1EDC}.Release|x86.ActiveCfg = Release|Win32
		{09261F08-5CB2-4010-8EDB-54B6012D1EDC}.Release|x86.Build.0 = Release|Win32
	EndGlobalSection
	GlobalSection(SolutionProperties) = preSolution
		HideSolutionNode = FALSE
	EndGlobalSection
	GlobalSection(ExtensibilityGlobals) = postSolution
		SolutionGuid = {C050A093-8C73-453C-AE0C-64DDE5C45E6A}
	EndGlobalSection
EndGlobal
